
Microsoft Visual Studio Solution File, Format Version 12.00
# Visual Studio Version 16
VisualStudioVersion = 16.0.31624.102
MinimumVisualStudioVersion = 10.0.40219.1
Project("{FAE04EC0-301F-11D3-BF4B-00C04F79EFBC}") = "PracticeWithMethods", "PracticeWithMethods\PracticeWithMethods.csproj", "{1DDDB44C-659C-4951-951C-638C333F605D}"
EndProject
Global
	GlobalSection(SolutionConfigurationPlatforms) = preSolution
		Debug|Any CPU = Debug|Any CPU
		Release|Any CPU = Release|Any CPU
	EndGlobalSection
	GlobalSection(ProjectConfigurationPlatforms) = postSolution
		{1DDDB44C-659C-4951-951C-638C333F605D}.Debug|Any CPU.ActiveCfg = Debug|Any CPU
		{1DDDB44C-659C-4951-951C-638C333F605D}.Debug|Any CPU.Build.0 = Debug|Any CPU
		{1DDDB44C-659C-4951-951C-638C333F605D}.Release|Any CPU.ActiveCfg = Release|Any CPU
		{1DDDB44C-659C-4951-951C-638C333F605D}.Release|Any CPU.Build.0 = Release|Any CPU
	EndGlobalSection
	GlobalSection(SolutionProperties) = preSolution
		HideSolutionNode = FALSE
	EndGlobalSection
	GlobalSection(ExtensibilityGlobals) = postSolution
		SolutionGuid = {1C37E41B-3200-4D8F-ACE8-ADD2C14E9AA6}
	EndGlobalSection
EndGlobal
