
Microsoft Visual Studio Solution File, Format Version 12.00
# Visual Studio Version 16
VisualStudioVersion = 16.0.31729.503
MinimumVisualStudioVersion = 10.0.40219.1
Project("{FAE04EC0-301F-11D3-BF4B-00C04F79EFBC}") = "DateTimeWithEnum", "DateTimeWithEnum\DateTimeWithEnum.csproj", "{9C1E342D-CF62-4B08-9A7E-79B3C0238195}"
EndProject
Global
	GlobalSection(SolutionConfigurationPlatforms) = preSolution
		Debug|Any CPU = Debug|Any CPU
		Release|Any CPU = Release|Any CPU
	EndGlobalSection
	GlobalSection(ProjectConfigurationPlatforms) = postSolution
		{9C1E342D-CF62-4B08-9A7E-79B3C0238195}.Debug|Any CPU.ActiveCfg = Debug|Any CPU
		{9C1E342D-CF62-4B08-9A7E-79B3C0238195}.Debug|Any CPU.Build.0 = Debug|Any CPU
		{9C1E342D-CF62-4B08-9A7E-79B3C0238195}.Release|Any CPU.ActiveCfg = Release|Any CPU
		{9C1E342D-CF62-4B08-9A7E-79B3C0238195}.Release|Any CPU.Build.0 = Release|Any CPU
	EndGlobalSection
	GlobalSection(SolutionProperties) = preSolution
		HideSolutionNode = FALSE
	EndGlobalSection
	GlobalSection(ExtensibilityGlobals) = postSolution
		SolutionGuid = {D9CAD414-83BA-4E02-876C-456846F997EC}
	EndGlobalSection
EndGlobal
