
Microsoft Visual Studio Solution File, Format Version 12.00
# Visual Studio Version 16
VisualStudioVersion = 16.0.31624.102
MinimumVisualStudioVersion = 10.0.40219.1
Project("{FAE04EC0-301F-11D3-BF4B-00C04F79EFBC}") = "ArraysWithLoops", "ArraysWithLoops\ArraysWithLoops.csproj", "{FC767DAC-0CAD-4CA2-87EC-C035E52F36C5}"
EndProject
Global
	GlobalSection(SolutionConfigurationPlatforms) = preSolution
		Debug|Any CPU = Debug|Any CPU
		Release|Any CPU = Release|Any CPU
	EndGlobalSection
	GlobalSection(ProjectConfigurationPlatforms) = postSolution
		{FC767DAC-0CAD-4CA2-87EC-C035E52F36C5}.Debug|Any CPU.ActiveCfg = Debug|Any CPU
		{FC767DAC-0CAD-4CA2-87EC-C035E52F36C5}.Debug|Any CPU.Build.0 = Debug|Any CPU
		{FC767DAC-0CAD-4CA2-87EC-C035E52F36C5}.Release|Any CPU.ActiveCfg = Release|Any CPU
		{FC767DAC-0CAD-4CA2-87EC-C035E52F36C5}.Release|Any CPU.Build.0 = Release|Any CPU
	EndGlobalSection
	GlobalSection(SolutionProperties) = preSolution
		HideSolutionNode = FALSE
	EndGlobalSection
	GlobalSection(ExtensibilityGlobals) = postSolution
		SolutionGuid = {FB693D8A-FABB-4A6D-852D-2F46195FA881}
	EndGlobalSection
EndGlobal
