
Microsoft Visual Studio Solution File, Format Version 12.00
# Visual Studio Version 16
VisualStudioVersion = 16.0.31624.102
MinimumVisualStudioVersion = 10.0.40219.1
Project("{FAE04EC0-301F-11D3-BF4B-00C04F79EFBC}") = "TryParseWithSwitches", "TryParseWithSwitches\TryParseWithSwitches.csproj", "{847123F6-A82E-4B4F-9D25-EFA19D3B0C77}"
EndProject
Global
	GlobalSection(SolutionConfigurationPlatforms) = preSolution
		Debug|Any CPU = Debug|Any CPU
		Release|Any CPU = Release|Any CPU
	EndGlobalSection
	GlobalSection(ProjectConfigurationPlatforms) = postSolution
		{847123F6-A82E-4B4F-9D25-EFA19D3B0C77}.Debug|Any CPU.ActiveCfg = Debug|Any CPU
		{847123F6-A82E-4B4F-9D25-EFA19D3B0C77}.Debug|Any CPU.Build.0 = Debug|Any CPU
		{847123F6-A82E-4B4F-9D25-EFA19D3B0C77}.Release|Any CPU.ActiveCfg = Release|Any CPU
		{847123F6-A82E-4B4F-9D25-EFA19D3B0C77}.Release|Any CPU.Build.0 = Release|Any CPU
	EndGlobalSection
	GlobalSection(SolutionProperties) = preSolution
		HideSolutionNode = FALSE
	EndGlobalSection
	GlobalSection(ExtensibilityGlobals) = postSolution
		SolutionGuid = {440D0BB8-DD8B-402D-8329-5910245026DE}
	EndGlobalSection
EndGlobal
