
Microsoft Visual Studio Solution File, Format Version 12.00
# Visual Studio Version 16
VisualStudioVersion = 16.0.31624.102
MinimumVisualStudioVersion = 10.0.40219.1
Project("{FAE04EC0-301F-11D3-BF4B-00C04F79EFBC}") = "UpdatedPokeDex", "UpdatedPokeDex\UpdatedPokeDex.csproj", "{D9C3A34E-5EE1-4261-88E7-48A4D7337E3D}"
EndProject
Global
	GlobalSection(SolutionConfigurationPlatforms) = preSolution
		Debug|Any CPU = Debug|Any CPU
		Release|Any CPU = Release|Any CPU
	EndGlobalSection
	GlobalSection(ProjectConfigurationPlatforms) = postSolution
		{D9C3A34E-5EE1-4261-88E7-48A4D7337E3D}.Debug|Any CPU.ActiveCfg = Debug|Any CPU
		{D9C3A34E-5EE1-4261-88E7-48A4D7337E3D}.Debug|Any CPU.Build.0 = Debug|Any CPU
		{D9C3A34E-5EE1-4261-88E7-48A4D7337E3D}.Release|Any CPU.ActiveCfg = Release|Any CPU
		{D9C3A34E-5EE1-4261-88E7-48A4D7337E3D}.Release|Any CPU.Build.0 = Release|Any CPU
	EndGlobalSection
	GlobalSection(SolutionProperties) = preSolution
		HideSolutionNode = FALSE
	EndGlobalSection
	GlobalSection(ExtensibilityGlobals) = postSolution
		SolutionGuid = {5D25F3EF-52A0-4E44-8FEC-01077A215063}
	EndGlobalSection
EndGlobal
